
Microsoft Visual Studio Solution File, Format Version 12.00
# Visual Studio Version 16
VisualStudioVersion = 16.0.29306.81
MinimumVisualStudioVersion = 10.0.40219.1
Project("{FAE04EC0-301F-11D3-BF4B-00C04F79EFBC}") = "EstudianteApp", "EstudianteApp.csproj", "{BCED0045-3F47-4F24-BA6A-9E0F5F2D8527}"
EndProject
Project("{FAE04EC0-301F-11D3-BF4B-00C04F79EFBC}") = "Entidades", "Entidades\Entidades.csproj", "{2087EC3C-1BC2-4610-A233-C784343D9332}"
EndProject
Project("{FAE04EC0-301F-11D3-BF4B-00C04F79EFBC}") = "DAL", "DAL\DAL.csproj", "{B0D10347-27B0-46D4-B95B-8A72428F6F17}"
EndProject
Project("{FAE04EC0-301F-11D3-BF4B-00C04F79EFBC}") = "BLL", "BLL\BLL.csproj", "{9A9647C2-46DF-4A09-ACD3-CC3578E20094}"
EndProject
Project("{FAE04EC0-301F-11D3-BF4B-00C04F79EFBC}") = "Herramientas", "Herramientas\Herramientas.csproj", "{2DB5BA5D-E613-4817-A341-A9225734BE3E}"
EndProject
Global
	GlobalSection(SolutionConfigurationPlatforms) = preSolution
		Debug|Any CPU = Debug|Any CPU
		Release|Any CPU = Release|Any CPU
	EndGlobalSection
	GlobalSection(ProjectConfigurationPlatforms) = postSolution
		{BCED0045-3F47-4F24-BA6A-9E0F5F2D8527}.Debug|Any CPU.ActiveCfg = Debug|Any CPU
		{BCED0045-3F47-4F24-BA6A-9E0F5F2D8527}.Debug|Any CPU.Build.0 = Debug|Any CPU
		{BCED0045-3F47-4F24-BA6A-9E0F5F2D8527}.Release|Any CPU.ActiveCfg = Release|Any CPU
		{BCED0045-3F47-4F24-BA6A-9E0F5F2D8527}.Release|Any CPU.Build.0 = Release|Any CPU
		{2087EC3C-1BC2-4610-A233-C784343D9332}.Debug|Any CPU.ActiveCfg = Debug|Any CPU
		{2087EC3C-1BC2-4610-A233-C784343D9332}.Debug|Any CPU.Build.0 = Debug|Any CPU
		{2087EC3C-1BC2-4610-A233-C784343D9332}.Release|Any CPU.ActiveCfg = Release|Any CPU
		{2087EC3C-1BC2-4610-A233-C784343D9332}.Release|Any CPU.Build.0 = Release|Any CPU
		{B0D10347-27B0-46D4-B95B-8A72428F6F17}.Debug|Any CPU.ActiveCfg = Debug|Any CPU
		{B0D10347-27B0-46D4-B95B-8A72428F6F17}.Debug|Any CPU.Build.0 = Debug|Any CPU
		{B0D10347-27B0-46D4-B95B-8A72428F6F17}.Release|Any CPU.ActiveCfg = Release|Any CPU
		{B0D10347-27B0-46D4-B95B-8A72428F6F17}.Release|Any CPU.Build.0 = Release|Any CPU
		{9A9647C2-46DF-4A09-ACD3-CC3578E20094}.Debug|Any CPU.ActiveCfg = Debug|Any CPU
		{9A9647C2-46DF-4A09-ACD3-CC3578E20094}.Debug|Any CPU.Build.0 = Debug|Any CPU
		{9A9647C2-46DF-4A09-ACD3-CC3578E20094}.Release|Any CPU.ActiveCfg = Release|Any CPU
		{9A9647C2-46DF-4A09-ACD3-CC3578E20094}.Release|Any CPU.Build.0 = Release|Any CPU
		{2DB5BA5D-E613-4817-A341-A9225734BE3E}.Debug|Any CPU.ActiveCfg = Debug|Any CPU
		{2DB5BA5D-E613-4817-A341-A9225734BE3E}.Debug|Any CPU.Build.0 = Debug|Any CPU
		{2DB5BA5D-E613-4817-A341-A9225734BE3E}.Release|Any CPU.ActiveCfg = Release|Any CPU
		{2DB5BA5D-E613-4817-A341-A9225734BE3E}.Release|Any CPU.Build.0 = Release|Any CPU
	EndGlobalSection
	GlobalSection(SolutionProperties) = preSolution
		HideSolutionNode = FALSE
	EndGlobalSection
	GlobalSection(ExtensibilityGlobals) = postSolution
		SolutionGuid = {618BE035-663D-43BD-9A0B-C5F0D27EAAFE}
	EndGlobalSection
EndGlobal
